
Microsoft Visual Studio Solution File, Format Version 12.00
# Visual Studio Version 17
VisualStudioVersion = 17.3.32922.545
MinimumVisualStudioVersion = 10.0.40219.1
Project("{FAE04EC0-301F-11D3-BF4B-00C04F79EFBC}") = "PhoneShopManagement", "BookShopManagement\PhoneShopManagement.csproj", "{4E2F495F-A6C1-4EB0-A142-23AF8BF7F04D}"
EndProject
Global
	GlobalSection(SolutionConfigurationPlatforms) = preSolution
		Debug|Any CPU = Debug|Any CPU
		Release|Any CPU = Release|Any CPU
	EndGlobalSection
	GlobalSection(ProjectConfigurationPlatforms) = postSolution
		{4E2F495F-A6C1-4EB0-A142-23AF8BF7F04D}.Debug|Any CPU.ActiveCfg = Debug|Any CPU
		{4E2F495F-A6C1-4EB0-A142-23AF8BF7F04D}.Debug|Any CPU.Build.0 = Debug|Any CPU
		{4E2F495F-A6C1-4EB0-A142-23AF8BF7F04D}.Release|Any CPU.ActiveCfg = Release|Any CPU
		{4E2F495F-A6C1-4EB0-A142-23AF8BF7F04D}.Release|Any CPU.Build.0 = Release|Any CPU
	EndGlobalSection
	GlobalSection(SolutionProperties) = preSolution
		HideSolutionNode = FALSE
	EndGlobalSection
	GlobalSection(ExtensibilityGlobals) = postSolution
		SolutionGuid = {281FFA1D-07AB-4659-B940-EF7CE85C0DDD}
	EndGlobalSection
EndGlobal
